
Microsoft Visual Studio Solution File, Format Version 12.00
# Visual Studio 15
VisualStudioVersion = 15.0.28307.1401
MinimumVisualStudioVersion = 10.0.40219.1
Project("{8BC9CEB8-8B4A-11D0-8D11-00A0C91BC942}") = "灰度化", "灰度化\灰度化.vcxproj", "{99461493-3449-4A04-875E-B5BDA0E70898}"
EndProject
Global
	GlobalSection(SolutionConfigurationPlatforms) = preSolution
		Debug|x64 = Debug|x64
		Debug|x86 = Debug|x86
		Release|x64 = Release|x64
		Release|x86 = Release|x86
	EndGlobalSection
	GlobalSection(ProjectConfigurationPlatforms) = postSolution
		{99461493-3449-4A04-875E-B5BDA0E70898}.Debug|x64.ActiveCfg = Debug|x64
		{99461493-3449-4A04-875E-B5BDA0E70898}.Debug|x64.Build.0 = Debug|x64
		{99461493-3449-4A04-875E-B5BDA0E70898}.Debug|x86.ActiveCfg = Debug|Win32
		{99461493-3449-4A04-875E-B5BDA0E70898}.Debug|x86.Build.0 = Debug|Win32
		{99461493-3449-4A04-875E-B5BDA0E70898}.Release|x64.ActiveCfg = Release|x64
		{99461493-3449-4A04-875E-B5BDA0E70898}.Release|x64.Build.0 = Release|x64
		{99461493-3449-4A04-875E-B5BDA0E70898}.Release|x86.ActiveCfg = Release|Win32
		{99461493-3449-4A04-875E-B5BDA0E70898}.Release|x86.Build.0 = Release|Win32
	EndGlobalSection
	GlobalSection(SolutionProperties) = preSolution
		HideSolutionNode = FALSE
	EndGlobalSection
	GlobalSection(ExtensibilityGlobals) = postSolution
		SolutionGuid = {A2594646-A8AA-42D2-83F3-8E30E36D0414}
	EndGlobalSection
EndGlobal
